
Microsoft Visual Studio Solution File, Format Version 12.00
# Visual Studio Version 17
VisualStudioVersion = 17.0.32014.148
MinimumVisualStudioVersion = 10.0.40219.1
Project("{9A19103F-16F7-4668-BE54-9A1E7A4F7556}") = "CliExample", "CliExample\CliExample.csproj", "{397B1C1D-8D48-4283-92BE-32158EA42227}"
EndProject
Project("{FAE04EC0-301F-11D3-BF4B-00C04F79EFBC}") = "Core", "Core\Core.csproj", "{015E8CD2-107E-4583-BC9C-7AA3E118CD33}"
EndProject
Global
	GlobalSection(SolutionConfigurationPlatforms) = preSolution
		Debug|Any CPU = Debug|Any CPU
		Release|Any CPU = Release|Any CPU
	EndGlobalSection
	GlobalSection(ProjectConfigurationPlatforms) = postSolution
		{397B1C1D-8D48-4283-92BE-32158EA42227}.Debug|Any CPU.ActiveCfg = Debug|Any CPU
		{397B1C1D-8D48-4283-92BE-32158EA42227}.Debug|Any CPU.Build.0 = Debug|Any CPU
		{397B1C1D-8D48-4283-92BE-32158EA42227}.Release|Any CPU.ActiveCfg = Release|Any CPU
		{397B1C1D-8D48-4283-92BE-32158EA42227}.Release|Any CPU.Build.0 = Release|Any CPU
		{015E8CD2-107E-4583-BC9C-7AA3E118CD33}.Debug|Any CPU.ActiveCfg = Debug|Any CPU
		{015E8CD2-107E-4583-BC9C-7AA3E118CD33}.Debug|Any CPU.Build.0 = Debug|Any CPU
		{015E8CD2-107E-4583-BC9C-7AA3E118CD33}.Release|Any CPU.ActiveCfg = Release|Any CPU
		{015E8CD2-107E-4583-BC9C-7AA3E118CD33}.Release|Any CPU.Build.0 = Release|Any CPU
	EndGlobalSection
	GlobalSection(SolutionProperties) = preSolution
		HideSolutionNode = FALSE
	EndGlobalSection
	GlobalSection(ExtensibilityGlobals) = postSolution
		SolutionGuid = {4BFE7D1A-F484-4760-BB36-75B1FCA9C4A8}
	EndGlobalSection
EndGlobal
